
Microsoft Visual Studio Solution File, Format Version 12.00
# Visual Studio Version 17
VisualStudioVersion = 17.13.35818.85
MinimumVisualStudioVersion = 10.0.40219.1
Project("{FAE04EC0-301F-11D3-BF4B-00C04F79EFBC}") = "Geospatial_Insights_Dashboard_Server.API", "Geospatial_Insights_Dashboard_Server.API\Geospatial_Insights_Dashboard_Server.API.csproj", "{51479D8F-ABAA-EBD6-E6A9-DC23F0288C5D}"
EndProject
Project("{FAE04EC0-301F-11D3-BF4B-00C04F79EFBC}") = "Geospatial_Insights_Dashboard_Server.Application", "Geospatial_Insights_Dashboard_Server.Application\Geospatial_Insights_Dashboard_Server.Application.csproj", "{D8F602A7-3E18-9D1B-7852-429BAC455D9A}"
EndProject
Project("{FAE04EC0-301F-11D3-BF4B-00C04F79EFBC}") = "Geospatial_Insights_Dashboard_Server.Domain", "Geospatial_Insights_Dashboard_Server.Domain\Geospatial_Insights_Dashboard_Server.Domain.csproj", "{BB3FD517-3116-FE50-B68C-471FE972D880}"
EndProject
Project("{FAE04EC0-301F-11D3-BF4B-00C04F79EFBC}") = "Geospatial_Insights_Dashboard_Server.Infrastructure", "Geospatial_Insights_Dashboard_Server.Infrastructure\Geospatial_Insights_Dashboard_Server.Infrastructure.csproj", "{BB70C84E-DFA7-6C48-76C2-84FA78A168FE}"
EndProject
Global
	GlobalSection(SolutionConfigurationPlatforms) = preSolution
		Debug|Any CPU = Debug|Any CPU
		Release|Any CPU = Release|Any CPU
	EndGlobalSection
	GlobalSection(ProjectConfigurationPlatforms) = postSolution
		{51479D8F-ABAA-EBD6-E6A9-DC23F0288C5D}.Debug|Any CPU.ActiveCfg = Debug|Any CPU
		{51479D8F-ABAA-EBD6-E6A9-DC23F0288C5D}.Debug|Any CPU.Build.0 = Debug|Any CPU
		{51479D8F-ABAA-EBD6-E6A9-DC23F0288C5D}.Release|Any CPU.ActiveCfg = Release|Any CPU
		{51479D8F-ABAA-EBD6-E6A9-DC23F0288C5D}.Release|Any CPU.Build.0 = Release|Any CPU
		{D8F602A7-3E18-9D1B-7852-429BAC455D9A}.Debug|Any CPU.ActiveCfg = Debug|Any CPU
		{D8F602A7-3E18-9D1B-7852-429BAC455D9A}.Debug|Any CPU.Build.0 = Debug|Any CPU
		{D8F602A7-3E18-9D1B-7852-429BAC455D9A}.Release|Any CPU.ActiveCfg = Release|Any CPU
		{D8F602A7-3E18-9D1B-7852-429BAC455D9A}.Release|Any CPU.Build.0 = Release|Any CPU
		{BB3FD517-3116-FE50-B68C-471FE972D880}.Debug|Any CPU.ActiveCfg = Debug|Any CPU
		{BB3FD517-3116-FE50-B68C-471FE972D880}.Debug|Any CPU.Build.0 = Debug|Any CPU
		{BB3FD517-3116-FE50-B68C-471FE972D880}.Release|Any CPU.ActiveCfg = Release|Any CPU
		{BB3FD517-3116-FE50-B68C-471FE972D880}.Release|Any CPU.Build.0 = Release|Any CPU
		{BB70C84E-DFA7-6C48-76C2-84FA78A168FE}.Debug|Any CPU.ActiveCfg = Debug|Any CPU
		{BB70C84E-DFA7-6C48-76C2-84FA78A168FE}.Debug|Any CPU.Build.0 = Debug|Any CPU
		{BB70C84E-DFA7-6C48-76C2-84FA78A168FE}.Release|Any CPU.ActiveCfg = Release|Any CPU
		{BB70C84E-DFA7-6C48-76C2-84FA78A168FE}.Release|Any CPU.Build.0 = Release|Any CPU
	EndGlobalSection
	GlobalSection(SolutionProperties) = preSolution
		HideSolutionNode = FALSE
	EndGlobalSection
	GlobalSection(ExtensibilityGlobals) = postSolution
		SolutionGuid = {095A8824-35C0-49A9-A885-13C238925D4F}
	EndGlobalSection
EndGlobal
